# This file is autogenerated, do not edit; changes may be undone by the next 'dep ensure'.


[[projects]]
  name = "github.com/golang/protobuf"
  packages = [
    "jsonpb",
    "proto",
    "ptypes/struct"
  ]
  revision = "b4deda0973fb4c70b50d226b1af49f3da59f5265"
  version = "v1.1.0"

[[projects]]
  branch = "master"
  name = "github.com/rynop/abp-fargate"
  packages = ["rpc/publicservices"]
  revision = "b80f709a8fddb668e8734ad4f94d996bd7bf969a"

[[projects]]
  name = "github.com/twitchtv/twirp"
  packages = [
    ".",
    "ctxsetters",
    "internal/contextkeys"
  ]
  revision = "1b8455b42110feb46a56aeec1ea0020067f46b11"
  version = "v5.4.1"

[solve-meta]
  analyzer-name = "dep"
  analyzer-version = 1
  inputs-digest = "2a1169833ae729f5dfacf17ac44247668f41b189fe8dea5b1384c59bfdf579bb"
  solver-name = "gps-cdcl"
  solver-version = 1
